// !$*UTF8*$!
{
	archiveVersion = 1;
	classes = {
	};
	objectVersion = 56;
	objects = {

/* Begin PBXBuildFile section */
		C36BD2A62B33581F00514CC0 /* AppDelegate.swift in Sources */ = {isa = PBXBuildFile; fileRef = C36BD2A52B33581F00514CC0 /* AppDelegate.swift */; };
		C36BD2A82B33581F00514CC0 /* SceneDelegate.swift in Sources */ = {isa = PBXBuildFile; fileRef = C36BD2A72B33581F00514CC0 /* SceneDelegate.swift */; };
		C36BD2AA2B33581F00514CC0 /* ViewController.swift in Sources */ = {isa = PBXBuildFile; fileRef = C36BD2A92B33581F00514CC0 /* ViewController.swift */; };
		C36BD2AD2B33581F00514CC0 /* Main.storyboard in Resources */ = {isa = PBXBuildFile; fileRef = C36BD2AB2B33581F00514CC0 /* Main.storyboard */; };
		C36BD2AF2B33582300514CC0 /* Assets.xcassets in Resources */ = {isa = PBXBuildFile; fileRef = C36BD2AE2B33582300514CC0 /* Assets.xcassets */; };
		C36BD2B22B33582300514CC0 /* LaunchScreen.storyboard in Resources */ = {isa = PBXBuildFile; fileRef = C36BD2B02B33582300514CC0 /* LaunchScreen.storyboard */; };
		C36BD2BD2B33582400514CC0 /* RandomColorsTests.swift in Sources */ = {isa = PBXBuildFile; fileRef = C36BD2BC2B33582400514CC0 /* RandomColorsTests.swift */; };
		C36BD2C72B33582400514CC0 /* RandomColorsUITests.swift in Sources */ = {isa = PBXBuildFile; fileRef = C36BD2C62B33582400514CC0 /* RandomColorsUITests.swift */; };
		C36BD2C92B33582400514CC0 /* RandomColorsUITestsLaunchTests.swift in Sources */ = {isa = PBXBuildFile; fileRef = C36BD2C82B33582400514CC0 /* RandomColorsUITestsLaunchTests.swift */; };
		C36BD2D62B335A2300514CC0 /* ColorDetailVC.swift in Sources */ = {isa = PBXBuildFile; fileRef = C36BD2D52B335A2300514CC0 /* ColorDetailVC.swift */; };
		C36BD2D82B380B6100514CC0 /* UIColor+ext.swift in Sources */ = {isa = PBXBuildFile; fileRef = C36BD2D72B380B6100514CC0 /* UIColor+ext.swift */; };
/* End PBXBuildFile section */

/* Begin PBXContainerItemProxy section */
		C36BD2B92B33582400514CC0 /* PBXContainerItemProxy */ = {
			isa = PBXContainerItemProxy;
			containerPortal = C36BD29A2B33581F00514CC0 /* Project object */;
			proxyType = 1;
			remoteGlobalIDString = C36BD2A12B33581F00514CC0;
			remoteInfo = RandomColors;
		};
		C36BD2C32B33582400514CC0 /* PBXContainerItemProxy */ = {
			isa = PBXContainerItemProxy;
			containerPortal = C36BD29A2B33581F00514CC0 /* Project object */;
			proxyType = 1;
			remoteGlobalIDString = C36BD2A12B33581F00514CC0;
			remoteInfo = RandomColors;
		};
/* End PBXContainerItemProxy section */

/* Begin PBXFileReference section */
		C36BD2A22B33581F00514CC0 /* RandomColors.app */ = {isa = PBXFileReference; explicitFileType = wrapper.application; includeInIndex = 0; path = RandomColors.app; sourceTree = BUILT_PRODUCTS_DIR; };
		C36BD2A52B33581F00514CC0 /* AppDelegate.swift */ = {isa = PBXFileReference; lastKnownFileType = sourcecode.swift; path = AppDelegate.swift; sourceTree = "<group>"; };
		C36BD2A72B33581F00514CC0 /* SceneDelegate.swift */ = {isa = PBXFileReference; lastKnownFileType = sourcecode.swift; path = SceneDelegate.swift; sourceTree = "<group>"; };
		C36BD2A92B33581F00514CC0 /* ViewController.swift */ = {isa = PBXFileReference; lastKnownFileType = sourcecode.swift; path = ViewController.swift; sourceTree = "<group>"; };
		C36BD2AC2B33581F00514CC0 /* Base */ = {isa = PBXFileReference; lastKnownFileType = file.storyboard; name = Base; path = Base.lproj/Main.storyboard; sourceTree = "<group>"; };
		C36BD2AE2B33582300514CC0 /* Assets.xcassets */ = {isa = PBXFileReference; lastKnownFileType = folder.assetcatalog; path = Assets.xcassets; sourceTree = "<group>"; };
		C36BD2B12B33582300514CC0 /* Base */ = {isa = PBXFileReference; lastKnownFileType = file.storyboard; name = Base; path = Base.lproj/LaunchScreen.storyboard; sourceTree = "<group>"; };
		C36BD2B32B33582300514CC0 /* Info.plist */ = {isa = PBXFileReference; lastKnownFileType = text.plist.xml; path = Info.plist; sourceTree = "<group>"; };
		C36BD2B82B33582400514CC0 /* RandomColorsTests.xctest */ = {isa = PBXFileReference; explicitFileType = wrapper.cfbundle; includeInIndex = 0; path = RandomColorsTests.xctest; sourceTree = BUILT_PRODUCTS_DIR; };
		C36BD2BC2B33582400514CC0 /* RandomColorsTests.swift */ = {isa = PBXFileReference; lastKnownFileType = sourcecode.swift; path = RandomColorsTests.swift; sourceTree = "<group>"; };
		C36BD2C22B33582400514CC0 /* RandomColorsUITests.xctest */ = {isa = PBXFileReference; explicitFileType = wrapper.cfbundle; includeInIndex = 0; path = RandomColorsUITests.xctest; sourceTree = BUILT_PRODUCTS_DIR; };
		C36BD2C62B33582400514CC0 /* RandomColorsUITests.swift */ = {isa = PBXFileReference; lastKnownFileType = sourcecode.swift; path = RandomColorsUITests.swift; sourceTree = "<group>"; };
		C36BD2C82B33582400514CC0 /* RandomColorsUITestsLaunchTests.swift */ = {isa = PBXFileReference; lastKnownFileType = sourcecode.swift; path = RandomColorsUITestsLaunchTests.swift; sourceTree = "<group>"; };
		C36BD2D52B335A2300514CC0 /* ColorDetailVC.swift */ = {isa = PBXFileReference; lastKnownFileType = sourcecode.swift; path = ColorDetailVC.swift; sourceTree = "<group>"; };
		C36BD2D72B380B6100514CC0 /* UIColor+ext.swift */ = {isa = PBXFileReference; lastKnownFileType = sourcecode.swift; path = "UIColor+ext.swift"; sourceTree = "<group>"; };
/* End PBXFileReference section */

/* Begin PBXFrameworksBuildPhase section */
		C36BD29F2B33581F00514CC0 /* Frameworks */ = {
			isa = PBXFrameworksBuildPhase;
			buildActionMask = 2147483647;
			files = (
			);
			runOnlyForDeploymentPostprocessing = 0;
		};
		C36BD2B52B33582400514CC0 /* Frameworks */ = {
			isa = PBXFrameworksBuildPhase;
			buildActionMask = 2147483647;
			files = (
			);
			runOnlyForDeploymentPostprocessing = 0;
		};
		C36BD2BF2B33582400514CC0 /* Frameworks */ = {
			isa = PBXFrameworksBuildPhase;
			buildActionMask = 2147483647;
			files = (
			);
			runOnlyForDeploymentPostprocessing = 0;
		};
/* End PBXFrameworksBuildPhase section */

/* Begin PBXGroup section */
		C36BD2992B33581F00514CC0 = {
			isa = PBXGroup;
			children = (
				C36BD2A42B33581F00514CC0 /* RandomColors */,
				C36BD2BB2B33582400514CC0 /* RandomColorsTests */,
				C36BD2C52B33582400514CC0 /* RandomColorsUITests */,
				C36BD2A32B33581F00514CC0 /* Products */,
			);
			sourceTree = "<group>";
		};
		C36BD2A32B33581F00514CC0 /* Products */ = {
			isa = PBXGroup;
			children = (
				C36BD2A22B33581F00514CC0 /* RandomColors.app */,
				C36BD2B82B33582400514CC0 /* RandomColorsTests.xctest */,
				C36BD2C22B33582400514CC0 /* RandomColorsUITests.xctest */,
			);
			name = Products;
			sourceTree = "<group>";
		};
		C36BD2A42B33581F00514CC0 /* RandomColors */ = {
			isa = PBXGroup;
			children = (
				C36BD2A52B33581F00514CC0 /* AppDelegate.swift */,
				C36BD2A72B33581F00514CC0 /* SceneDelegate.swift */,
				C36BD2D52B335A2300514CC0 /* ColorDetailVC.swift */,
				C36BD2D72B380B6100514CC0 /* UIColor+ext.swift */,
				C36BD2A92B33581F00514CC0 /* ViewController.swift */,
				C36BD2AB2B33581F00514CC0 /* Main.storyboard */,
				C36BD2AE2B33582300514CC0 /* Assets.xcassets */,
				C36BD2B02B33582300514CC0 /* LaunchScreen.storyboard */,
				C36BD2B32B33582300514CC0 /* Info.plist */,
			);
			path = RandomColors;
			sourceTree = "<group>";
		};
		C36BD2BB2B33582400514CC0 /* RandomColorsTests */ = {
			isa = PBXGroup;
			children = (
				C36BD2BC2B33582400514CC0 /* RandomColorsTests.swift */,
			);
			path = RandomColorsTests;
			sourceTree = "<group>";
		};
		C36BD2C52B33582400514CC0 /* RandomColorsUITests */ = {
			isa = PBXGroup;
			children = (
				C36BD2C62B33582400514CC0 /* RandomColorsUITests.swift */,
				C36BD2C82B33582400514CC0 /* RandomColorsUITestsLaunchTests.swift */,
			);
			path = RandomColorsUITests;
			sourceTree = "<group>";
		};
/* End PBXGroup section */

/* Begin PBXNativeTarget section */
		C36BD2A12B33581F00514CC0 /* RandomColors */ = {
			isa = PBXNativeTarget;
			buildConfigurationList = C36BD2CC2B33582400514CC0 /* Build configuration list for PBXNativeTarget "RandomColors" */;
			buildPhases = (
				C36BD29E2B33581F00514CC0 /* Sources */,
				C36BD29F2B33581F00514CC0 /* Frameworks */,
				C36BD2A02B33581F00514CC0 /* Resources */,
			);
			buildRules = (
			);
			dependencies = (
			);
			name = RandomColors;
			productName = RandomColors;
			productReference = C36BD2A22B33581F00514CC0 /* RandomColors.app */;
			productType = "com.apple.product-type.application";
		};
		C36BD2B72B33582400514CC0 /* RandomColorsTests */ = {
			isa = PBXNativeTarget;
			buildConfigurationList = C36BD2CF2B33582400514CC0 /* Build configuration list for PBXNativeTarget "RandomColorsTests" */;
			buildPhases = (
				C36BD2B42B33582400514CC0 /* Sources */,
				C36BD2B52B33582400514CC0 /* Frameworks */,
				C36BD2B62B33582400514CC0 /* Resources */,
			);
			buildRules = (
			);
			dependencies = (
				C36BD2BA2B33582400514CC0 /* PBXTargetDependency */,
			);
			name = RandomColorsTests;
			productName = RandomColorsTests;
			productReference = C36BD2B82B33582400514CC0 /* RandomColorsTests.xctest */;
			productType = "com.apple.product-type.bundle.unit-test";
		};
		C36BD2C12B33582400514CC0 /* RandomColorsUITests */ = {
			isa = PBXNativeTarget;
			buildConfigurationList = C36BD2D22B33582400514CC0 /* Build configuration list for PBXNativeTarget "RandomColorsUITests" */;
			buildPhases = (
				C36BD2BE2B33582400514CC0 /* Sources */,
				C36BD2BF2B33582400514CC0 /* Frameworks */,
				C36BD2C02B33582400514CC0 /* Resources */,
			);
			buildRules = (
			);
			dependencies = (
				C36BD2C42B33582400514CC0 /* PBXTargetDependency */,
			);
			name = RandomColorsUITests;
			productName = RandomColorsUITests;
			productReference = C36BD2C22B33582400514CC0 /* RandomColorsUITests.xctest */;
			productType = "com.apple.product-type.bundle.ui-testing";
		};
/* End PBXNativeTarget section */

/* Begin PBXProject section */
		C36BD29A2B33581F00514CC0 /* Project object */ = {
			isa = PBXProject;
			attributes = {
				BuildIndependentTargetsInParallel = 1;
				LastSwiftUpdateCheck = 1420;
				LastUpgradeCheck = 1420;
				TargetAttributes = {
					C36BD2A12B33581F00514CC0 = {
						CreatedOnToolsVersion = 14.2;
					};
					C36BD2B72B33582400514CC0 = {
						CreatedOnToolsVersion = 14.2;
						TestTargetID = C36BD2A12B33581F00514CC0;
					};
					C36BD2C12B33582400514CC0 = {
						CreatedOnToolsVersion = 14.2;
						TestTargetID = C36BD2A12B33581F00514CC0;
					};
				};
			};
			buildConfigurationList = C36BD29D2B33581F00514CC0 /* Build configuration list for PBXProject "RandomColors" */;
			compatibilityVersion = "Xcode 14.0";
			developmentRegion = en;
			hasScannedForEncodings = 0;
			knownRegions = (
				en,
				Base,
			);
			mainGroup = C36BD2992B33581F00514CC0;
			productRefGroup = C36BD2A32B33581F00514CC0 /* Products */;
			projectDirPath = "";
			projectRoot = "";
			targets = (
				C36BD2A12B33581F00514CC0 /* RandomColors */,
				C36BD2B72B33582400514CC0 /* RandomColorsTests */,
				C36BD2C12B33582400514CC0 /* RandomColorsUITests */,
			);
		};
/* End PBXProject section */

/* Begin PBXResourcesBuildPhase section */
		C36BD2A02B33581F00514CC0 /* Resources */ = {
			isa = PBXResourcesBuildPhase;
			buildActionMask = 2147483647;
			files = (
				C36BD2B22B33582300514CC0 /* LaunchScreen.storyboard in Resources */,
				C36BD2AF2B33582300514CC0 /* Assets.xcassets in Resources */,
				C36BD2AD2B33581F00514CC0 /* Main.storyboard in Resources */,
			);
			runOnlyForDeploymentPostprocessing = 0;
		};
		C36BD2B62B33582400514CC0 /* Resources */ = {
			isa = PBXResourcesBuildPhase;
			buildActionMask = 2147483647;
			files = (
			);
			runOnlyForDeploymentPostprocessing = 0;
		};
		C36BD2C02B33582400514CC0 /* Resources */ = {
			isa = PBXResourcesBuildPhase;
			buildActionMask = 2147483647;
			files = (
			);
			runOnlyForDeploymentPostprocessing = 0;
		};
/* End PBXResourcesBuildPhase section */

/* Begin PBXSourcesBuildPhase section */
		C36BD29E2B33581F00514CC0 /* Sources */ = {
			isa = PBXSourcesBuildPhase;
			buildActionMask = 2147483647;
			files = (
				C36BD2AA2B33581F00514CC0 /* ViewController.swift in Sources */,
				C36BD2D62B335A2300514CC0 /* ColorDetailVC.swift in Sources */,
				C36BD2A62B33581F00514CC0 /* AppDelegate.swift in Sources */,
				C36BD2A82B33581F00514CC0 /* SceneDelegate.swift in Sources */,
				C36BD2D82B380B6100514CC0 /* UIColor+ext.swift in Sources */,
			);
			runOnlyForDeploymentPostprocessing = 0;
		};
		C36BD2B42B33582400514CC0 /* Sources */ = {
			isa = PBXSourcesBuildPhase;
			buildActionMask = 2147483647;
			files = (
				C36BD2BD2B33582400514CC0 /* RandomColorsTests.swift in Sources */,
			);
			runOnlyForDeploymentPostprocessing = 0;
		};
		C36BD2BE2B33582400514CC0 /* Sources */ = {
			isa = PBXSourcesBuildPhase;
			buildActionMask = 2147483647;
			files = (
				C36BD2C72B33582400514CC0 /* RandomColorsUITests.swift in Sources */,
				C36BD2C92B33582400514CC0 /* RandomColorsUITestsLaunchTests.swift in Sources */,
			);
			runOnlyForDeploymentPostprocessing = 0;
		};
/* End PBXSourcesBuildPhase section */

/* Begin PBXTargetDependency section */
		C36BD2BA2B33582400514CC0 /* PBXTargetDependency */ = {
			isa = PBXTargetDependency;
			target = C36BD2A12B33581F00514CC0 /* RandomColors */;
			targetProxy = C36BD2B92B33582400514CC0 /* PBXContainerItemProxy */;
		};
		C36BD2C42B33582400514CC0 /* PBXTargetDependency */ = {
			isa = PBXTargetDependency;
			target = C36BD2A12B33581F00514CC0 /* RandomColors */;
			targetProxy = C36BD2C32B33582400514CC0 /* PBXContainerItemProxy */;
		};
/* End PBXTargetDependency section */

/* Begin PBXVariantGroup section */
		C36BD2AB2B33581F00514CC0 /* Main.storyboard */ = {
			isa = PBXVariantGroup;
			children = (
				C36BD2AC2B33581F00514CC0 /* Base */,
			);
			name = Main.storyboard;
			sourceTree = "<group>";
		};
		C36BD2B02B33582300514CC0 /* LaunchScreen.storyboard */ = {
			isa = PBXVariantGroup;
			children = (
				C36BD2B12B33582300514CC0 /* Base */,
			);
			name = LaunchScreen.storyboard;
			sourceTree = "<group>";
		};
/* End PBXVariantGroup section */

/* Begin XCBuildConfiguration section */
		C36BD2CA2B33582400514CC0 /* Debug */ = {
			isa = XCBuildConfiguration;
			buildSettings = {
				ALWAYS_SEARCH_USER_PATHS = NO;
				CLANG_ANALYZER_NONNULL = YES;
				CLANG_ANALYZER_NUMBER_OBJECT_CONVERSION = YES_AGGRESSIVE;
				CLANG_CXX_LANGUAGE_STANDARD = "gnu++20";
				CLANG_ENABLE_MODULES = YES;
				CLANG_ENABLE_OBJC_ARC = YES;
				CLANG_ENABLE_OBJC_WEAK = YES;
				CLANG_WARN_BLOCK_CAPTURE_AUTORELEASING = YES;
				CLANG_WARN_BOOL_CONVERSION = YES;
				CLANG_WARN_COMMA = YES;
				CLANG_WARN_CONSTANT_CONVERSION = YES;
				CLANG_WARN_DEPRECATED_OBJC_IMPLEMENTATIONS = YES;
				CLANG_WARN_DIRECT_OBJC_ISA_USAGE = YES_ERROR;
				CLANG_WARN_DOCUMENTATION_COMMENTS = YES;
				CLANG_WARN_EMPTY_BODY = YES;
				CLANG_WARN_ENUM_CONVERSION = YES;
				CLANG_WARN_INFINITE_RECURSION = YES;
				CLANG_WARN_INT_CONVERSION = YES;
				CLANG_WARN_NON_LITERAL_NULL_CONVERSION = YES;
				CLANG_WARN_OBJC_IMPLICIT_RETAIN_SELF = YES;
				CLANG_WARN_OBJC_LITERAL_CONVERSION = YES;
				CLANG_WARN_OBJC_ROOT_CLASS = YES_ERROR;
				CLANG_WARN_QUOTED_INCLUDE_IN_FRAMEWORK_HEADER = YES;
				CLANG_WARN_RANGE_LOOP_ANALYSIS = YES;
				CLANG_WARN_STRICT_PROTOTYPES = YES;
				CLANG_WARN_SUSPICIOUS_MOVE = YES;
				CLANG_WARN_UNGUARDED_AVAILABILITY = YES_AGGRESSIVE;
				CLANG_WARN_UNREACHABLE_CODE = YES;
				CLANG_WARN__DUPLICATE_METHOD_MATCH = YES;
				COPY_PHASE_STRIP = NO;
				DEBUG_INFORMATION_FORMAT = dwarf;
				ENABLE_STRICT_OBJC_MSGSEND = YES;
				ENABLE_TESTABILITY = YES;
				GCC_C_LANGUAGE_STANDARD = gnu11;
				GCC_DYNAMIC_NO_PIC = NO;
				GCC_NO_COMMON_BLOCKS = YES;
				GCC_OPTIMIZATION_LEVEL = 0;
				GCC_PREPROCESSOR_DEFINITIONS = (
					"DEBUG=1",
					"$(inherited)",
				);
				GCC_WARN_64_TO_32_BIT_CONVERSION = YES;
				GCC_WARN_ABOUT_RETURN_TYPE = YES_ERROR;
				GCC_WARN_UNDECLARED_SELECTOR = YES;
				GCC_WARN_UNINITIALIZED_AUTOS = YES_AGGRESSIVE;
				GCC_WARN_UNUSED_FUNCTION = YES;
				GCC_WARN_UNUSED_VARIABLE = YES;
				IPHONEOS_DEPLOYMENT_TARGET = 16.2;
				MTL_ENABLE_DEBUG_INFO = INCLUDE_SOURCE;
				MTL_FAST_MATH = YES;
				ONLY_ACTIVE_ARCH = YES;
				SDKROOT = iphoneos;
				SWIFT_ACTIVE_COMPILATION_CONDITIONS = DEBUG;
				SWIFT_OPTIMIZATION_LEVEL = "-Onone";
			};
			name = Debug;
		};
		C36BD2CB2B33582400514CC0 /* Release */ = {
			isa = XCBuildConfiguration;
			buildSettings = {
				ALWAYS_SEARCH_USER_PATHS = NO;
				CLANG_ANALYZER_NONNULL = YES;
				CLANG_ANALYZER_NUMBER_OBJECT_CONVERSION = YES_AGGRESSIVE;
				CLANG_CXX_LANGUAGE_STANDARD = "gnu++20";
				CLANG_ENABLE_MODULES = YES;
				CLANG_ENABLE_OBJC_ARC = YES;
				CLANG_ENABLE_OBJC_WEAK = YES;
				CLANG_WARN_BLOCK_CAPTURE_AUTORELEASING = YES;
				CLANG_WARN_BOOL_CONVERSION = YES;
				CLANG_WARN_COMMA = YES;
				CLANG_WARN_CONSTANT_CONVERSION = YES;
				CLANG_WARN_DEPRECATED_OBJC_IMPLEMENTATIONS = YES;
				CLANG_WARN_DIRECT_OBJC_ISA_USAGE = YES_ERROR;
				CLANG_WARN_DOCUMENTATION_COMMENTS = YES;
				CLANG_WARN_EMPTY_BODY = YES;
				CLANG_WARN_ENUM_CONVERSION = YES;
				CLANG_WARN_INFINITE_RECURSION = YES;
				CLANG_WARN_INT_CONVERSION = YES;
				CLANG_WARN_NON_LITERAL_NULL_CONVERSION = YES;
				CLANG_WARN_OBJC_IMPLICIT_RETAIN_SELF = YES;
				CLANG_WARN_OBJC_LITERAL_CONVERSION = YES;
				CLANG_WARN_OBJC_ROOT_CLASS = YES_ERROR;
				CLANG_WARN_QUOTED_INCLUDE_IN_FRAMEWORK_HEADER = YES;
				CLANG_WARN_RANGE_LOOP_ANALYSIS = YES;
				CLANG_WARN_STRICT_PROTOTYPES = YES;
				CLANG_WARN_SUSPICIOUS_MOVE = YES;
				CLANG_WARN_UNGUARDED_AVAILABILITY = YES_AGGRESSIVE;
				CLANG_WARN_UNREACHABLE_CODE = YES;
				CLANG_WARN__DUPLICATE_METHOD_MATCH = YES;
				COPY_PHASE_STRIP = NO;
				DEBUG_INFORMATION_FORMAT = "dwarf-with-dsym";
				ENABLE_NS_ASSERTIONS = NO;
				ENABLE_STRICT_OBJC_MSGSEND = YES;
				GCC_C_LANGUAGE_STANDARD = gnu11;
				GCC_NO_COMMON_BLOCKS = YES;
				GCC_WARN_64_TO_32_BIT_CONVERSION = YES;
				GCC_WARN_ABOUT_RETURN_TYPE = YES_ERROR;
				GCC_WARN_UNDECLARED_SELECTOR = YES;
				GCC_WARN_UNINITIALIZED_AUTOS = YES_AGGRESSIVE;
				GCC_WARN_UNUSED_FUNCTION = YES;
				GCC_WARN_UNUSED_VARIABLE = YES;
				IPHONEOS_DEPLOYMENT_TARGET = 16.2;
				MTL_ENABLE_DEBUG_INFO = NO;
				MTL_FAST_MATH = YES;
				SDKROOT = iphoneos;
				SWIFT_COMPILATION_MODE = wholemodule;
				SWIFT_OPTIMIZATION_LEVEL = "-O";
				VALIDATE_PRODUCT = YES;
			};
			name = Release;
		};
		C36BD2CD2B33582400514CC0 /* Debug */ = {
			isa = XCBuildConfiguration;
			buildSettings = {
				ASSETCATALOG_COMPILER_APPICON_NAME = AppIcon;
				ASSETCATALOG_COMPILER_GLOBAL_ACCENT_COLOR_NAME = AccentColor;
				CODE_SIGN_STYLE = Automatic;
				CURRENT_PROJECT_VERSION = 1;
				GENERATE_INFOPLIST_FILE = YES;
				INFOPLIST_FILE = RandomColors/Info.plist;
				INFOPLIST_KEY_UIApplicationSupportsIndirectInputEvents = YES;
				INFOPLIST_KEY_UILaunchStoryboardName = LaunchScreen;
				INFOPLIST_KEY_UIMainStoryboardFile = Main;
				INFOPLIST_KEY_UISupportedInterfaceOrientations_iPad = "UIInterfaceOrientationPortrait UIInterfaceOrientationPortraitUpsideDown UIInterfaceOrientationLandscapeLeft UIInterfaceOrientationLandscapeRight";
				INFOPLIST_KEY_UISupportedInterfaceOrientations_iPhone = "UIInterfaceOrientationPortrait UIInterfaceOrientationLandscapeLeft UIInterfaceOrientationLandscapeRight";
				LD_RUNPATH_SEARCH_PATHS = (
					"$(inherited)",
					"@executable_path/Frameworks",
				);
				MARKETING_VERSION = 1.0;
				PRODUCT_BUNDLE_IDENTIFIER = personalproject.RandomColors;
				PRODUCT_NAME = "$(TARGET_NAME)";
				SWIFT_EMIT_LOC_STRINGS = YES;
				SWIFT_VERSION = 5.0;
				TARGETED_DEVICE_FAMILY = "1,2";
			};
			name = Debug;
		};
		C36BD2CE2B33582400514CC0 /* Release */ = {
			isa = XCBuildConfiguration;
			buildSettings = {
				ASSETCATALOG_COMPILER_APPICON_NAME = AppIcon;
				ASSETCATALOG_COMPILER_GLOBAL_ACCENT_COLOR_NAME = AccentColor;
				CODE_SIGN_STYLE = Automatic;
				CURRENT_PROJECT_VERSION = 1;
				GENERATE_INFOPLIST_FILE = YES;
				INFOPLIST_FILE = RandomColors/Info.plist;
				INFOPLIST_KEY_UIApplicationSupportsIndirectInputEvents = YES;
				INFOPLIST_KEY_UILaunchStoryboardName = LaunchScreen;
				INFOPLIST_KEY_UIMainStoryboardFile = Main;
				INFOPLIST_KEY_UISupportedInterfaceOrientations_iPad = "UIInterfaceOrientationPortrait UIInterfaceOrientationPortraitUpsideDown UIInterfaceOrientationLandscapeLeft UIInterfaceOrientationLandscapeRight";
				INFOPLIST_KEY_UISupportedInterfaceOrientations_iPhone = "UIInterfaceOrientationPortrait UIInterfaceOrientationLandscapeLeft UIInterfaceOrientationLandscapeRight";
				LD_RUNPATH_SEARCH_PATHS = (
					"$(inherited)",
					"@executable_path/Frameworks",
				);
				MARKETING_VERSION = 1.0;
				PRODUCT_BUNDLE_IDENTIFIER = personalproject.RandomColors;
				PRODUCT_NAME = "$(TARGET_NAME)";
				SWIFT_EMIT_LOC_STRINGS = YES;
				SWIFT_VERSION = 5.0;
				TARGETED_DEVICE_FAMILY = "1,2";
			};
			name = Release;
		};
		C36BD2D02B33582400514CC0 /* Debug */ = {
			isa = XCBuildConfiguration;
			buildSettings = {
				ALWAYS_EMBED_SWIFT_STANDARD_LIBRARIES = YES;
				BUNDLE_LOADER = "$(TEST_HOST)";
				CODE_SIGN_STYLE = Automatic;
				CURRENT_PROJECT_VERSION = 1;
				GENERATE_INFOPLIST_FILE = YES;
				IPHONEOS_DEPLOYMENT_TARGET = 16.2;
				MARKETING_VERSION = 1.0;
				PRODUCT_BUNDLE_IDENTIFIER = personalproject.RandomColorsTests;
				PRODUCT_NAME = "$(TARGET_NAME)";
				SWIFT_EMIT_LOC_STRINGS = NO;
				SWIFT_VERSION = 5.0;
				TARGETED_DEVICE_FAMILY = "1,2";
				TEST_HOST = "$(BUILT_PRODUCTS_DIR)/RandomColors.app/$(BUNDLE_EXECUTABLE_FOLDER_PATH)/RandomColors";
			};
			name = Debug;
		};
		C36BD2D12B33582400514CC0 /* Release */ = {
			isa = XCBuildConfiguration;
			buildSettings = {
				ALWAYS_EMBED_SWIFT_STANDARD_LIBRARIES = YES;
				BUNDLE_LOADER = "$(TEST_HOST)";
				CODE_SIGN_STYLE = Automatic;
				CURRENT_PROJECT_VERSION = 1;
				GENERATE_INFOPLIST_FILE = YES;
				IPHONEOS_DEPLOYMENT_TARGET = 16.2;
				MARKETING_VERSION = 1.0;
				PRODUCT_BUNDLE_IDENTIFIER = personalproject.RandomColorsTests;
				PRODUCT_NAME = "$(TARGET_NAME)";
				SWIFT_EMIT_LOC_STRINGS = NO;
				SWIFT_VERSION = 5.0;
				TARGETED_DEVICE_FAMILY = "1,2";
				TEST_HOST = "$(BUILT_PRODUCTS_DIR)/RandomColors.app/$(BUNDLE_EXECUTABLE_FOLDER_PATH)/RandomColors";
			};
			name = Release;
		};
		C36BD2D32B33582400514CC0 /* Debug */ = {
			isa = XCBuildConfiguration;
			buildSettings = {
				ALWAYS_EMBED_SWIFT_STANDARD_LIBRARIES = YES;
				CODE_SIGN_STYLE = Automatic;
				CURRENT_PROJECT_VERSION = 1;
				GENERATE_INFOPLIST_FILE = YES;
				MARKETING_VERSION = 1.0;
				PRODUCT_BUNDLE_IDENTIFIER = personalproject.RandomColorsUITests;
				PRODUCT_NAME = "$(TARGET_NAME)";
				SWIFT_EMIT_LOC_STRINGS = NO;
				SWIFT_VERSION = 5.0;
				TARGETED_DEVICE_FAMILY = "1,2";
				TEST_TARGET_NAME = RandomColors;
			};
			name = Debug;
		};
		C36BD2D42B33582400514CC0 /* Release */ = {
			isa = XCBuildConfiguration;
			buildSettings = {
				ALWAYS_EMBED_SWIFT_STANDARD_LIBRARIES = YES;
				CODE_SIGN_STYLE = Automatic;
				CURRENT_PROJECT_VERSION = 1;
				GENERATE_INFOPLIST_FILE = YES;
				MARKETING_VERSION = 1.0;
				PRODUCT_BUNDLE_IDENTIFIER = personalproject.RandomColorsUITests;
				PRODUCT_NAME = "$(TARGET_NAME)";
				SWIFT_EMIT_LOC_STRINGS = NO;
				SWIFT_VERSION = 5.0;
				TARGETED_DEVICE_FAMILY = "1,2";
				TEST_TARGET_NAME = RandomColors;
			};
			name = Release;
		};
/* End XCBuildConfiguration section */

/* Begin XCConfigurationList section */
		C36BD29D2B33581F00514CC0 /* Build configuration list for PBXProject "RandomColors" */ = {
			isa = XCConfigurationList;
			buildConfigurations = (
				C36BD2CA2B33582400514CC0 /* Debug */,
				C36BD2CB2B33582400514CC0 /* Release */,
			);
			defaultConfigurationIsVisible = 0;
			defaultConfigurationName = Release;
		};
		C36BD2CC2B33582400514CC0 /* Build configuration list for PBXNativeTarget "RandomColors" */ = {
			isa = XCConfigurationList;
			buildConfigurations = (
				C36BD2CD2B33582400514CC0 /* Debug */,
				C36BD2CE2B33582400514CC0 /* Release */,
			);
			defaultConfigurationIsVisible = 0;
			defaultConfigurationName = Release;
		};
		C36BD2CF2B33582400514CC0 /* Build configuration list for PBXNativeTarget "RandomColorsTests" */ = {
			isa = XCConfigurationList;
			buildConfigurations = (
				C36BD2D02B33582400514CC0 /* Debug */,
				C36BD2D12B33582400514CC0 /* Release */,
			);
			defaultConfigurationIsVisible = 0;
			defaultConfigurationName = Release;
		};
		C36BD2D22B33582400514CC0 /* Build configuration list for PBXNativeTarget "RandomColorsUITests" */ = {
			isa = XCConfigurationList;
			buildConfigurations = (
				C36BD2D32B33582400514CC0 /* Debug */,
				C36BD2D42B33582400514CC0 /* Release */,
			);
			defaultConfigurationIsVisible = 0;
			defaultConfigurationName = Release;
		};
/* End XCConfigurationList section */
	};
	rootObject = C36BD29A2B33581F00514CC0 /* Project object */;
}
